// !$*UTF8*$!
{
	archiveVersion = 1;
	classes = {
	};
	objectVersion = 56;
	objects = {

/* Begin PBXBuildFile section */
		8455CF8C2D605B1800139CAC /* BookSlotApp.swift in Sources */ = {isa = PBXBuildFile; fileRef = 8455CF8B2D605B1800139CAC /* BookSlotApp.swift */; };
		8455CF8E2D605B1800139CAC /* ContentView.swift in Sources */ = {isa = PBXBuildFile; fileRef = 8455CF8D2D605B1800139CAC /* ContentView.swift */; };
		8455CF902D605B1A00139CAC /* Assets.xcassets in Resources */ = {isa = PBXBuildFile; fileRef = 8455CF8F2D605B1A00139CAC /* Assets.xcassets */; };
		8455CF932D605B1A00139CAC /* Preview Assets.xcassets in Resources */ = {isa = PBXBuildFile; fileRef = 8455CF922D605B1A00139CAC /* Preview Assets.xcassets */; };
		8455CFA22D605B1A00139CAC /* BookSlotTests.swift in Sources */ = {isa = PBXBuildFile; fileRef = 8455CFA12D605B1A00139CAC /* BookSlotTests.swift */; };
		8455CFAC2D605B1A00139CAC /* BookSlotUITests.swift in Sources */ = {isa = PBXBuildFile; fileRef = 8455CFAB2D605B1A00139CAC /* BookSlotUITests.swift */; };
		8455CFAE2D605B1A00139CAC /* BookSlotUITestsLaunchTests.swift in Sources */ = {isa = PBXBuildFile; fileRef = 8455CFAD2D605B1A00139CAC /* BookSlotUITestsLaunchTests.swift */; };
		8455CFBB2D605C0000139CAC /* SwiftUIView.swift in Sources */ = {isa = PBXBuildFile; fileRef = 8455CFBA2D605C0000139CAC /* SwiftUIView.swift */; };
		8455CFBD2D605C4700139CAC /* PersistenceController.swift in Sources */ = {isa = PBXBuildFile; fileRef = 8455CFBC2D605C4700139CAC /* PersistenceController.swift */; };
		8455CFC32D60692D00139CAC /* Userdb.xcdatamodeld in Sources */ = {isa = PBXBuildFile; fileRef = 8455CFC12D60692D00139CAC /* Userdb.xcdatamodeld */; };
		8455CFC52D606B8D00139CAC /* LoginView.swift in Sources */ = {isa = PBXBuildFile; fileRef = 8455CFC42D606B8D00139CAC /* LoginView.swift */; };
		8455CFC82D606CB800139CAC /* RegisterView.swift in Sources */ = {isa = PBXBuildFile; fileRef = 8455CFC72D606CB800139CAC /* RegisterView.swift */; };
		8455CFCA2D606D0100139CAC /* TechTrackDashboardView.swift in Sources */ = {isa = PBXBuildFile; fileRef = 8455CFC92D606D0100139CAC /* TechTrackDashboardView.swift */; };
		8455CFCC2D606D9700139CAC /* SlotManagementDashboardView.swift in Sources */ = {isa = PBXBuildFile; fileRef = 8455CFCB2D606D9700139CAC /* SlotManagementDashboardView.swift */; };
		8455CFCE2D60B98900139CAC /* AddSlotView.swift in Sources */ = {isa = PBXBuildFile; fileRef = 8455CFCD2D60B98900139CAC /* AddSlotView.swift */; };
		8455CFD02D60B9C600139CAC /* EditSlotView.swift in Sources */ = {isa = PBXBuildFile; fileRef = 8455CFCF2D60B9C600139CAC /* EditSlotView.swift */; };
		8455CFD22D60B9DF00139CAC /* SlotListView.swift in Sources */ = {isa = PBXBuildFile; fileRef = 8455CFD12D60B9DF00139CAC /* SlotListView.swift */; };
/* End PBXBuildFile section */

/* Begin PBXContainerItemProxy section */
		8455CF9E2D605B1A00139CAC /* PBXContainerItemProxy */ = {
			isa = PBXContainerItemProxy;
			containerPortal = 8455CF802D605B1800139CAC /* Project object */;
			proxyType = 1;
			remoteGlobalIDString = 8455CF872D605B1800139CAC;
			remoteInfo = BookSlot;
		};
		8455CFA82D605B1A00139CAC /* PBXContainerItemProxy */ = {
			isa = PBXContainerItemProxy;
			containerPortal = 8455CF802D605B1800139CAC /* Project object */;
			proxyType = 1;
			remoteGlobalIDString = 8455CF872D605B1800139CAC;
			remoteInfo = BookSlot;
		};
/* End PBXContainerItemProxy section */

/* Begin PBXFileReference section */
		8455CF882D605B1800139CAC /* BookSlot.app */ = {isa = PBXFileReference; explicitFileType = wrapper.application; includeInIndex = 0; path = BookSlot.app; sourceTree = BUILT_PRODUCTS_DIR; };
		8455CF8B2D605B1800139CAC /* BookSlotApp.swift */ = {isa = PBXFileReference; lastKnownFileType = sourcecode.swift; path = BookSlotApp.swift; sourceTree = "<group>"; };
		8455CF8D2D605B1800139CAC /* ContentView.swift */ = {isa = PBXFileReference; lastKnownFileType = sourcecode.swift; path = ContentView.swift; sourceTree = "<group>"; };
		8455CF8F2D605B1A00139CAC /* Assets.xcassets */ = {isa = PBXFileReference; lastKnownFileType = folder.assetcatalog; path = Assets.xcassets; sourceTree = "<group>"; };
		8455CF922D605B1A00139CAC /* Preview Assets.xcassets */ = {isa = PBXFileReference; lastKnownFileType = folder.assetcatalog; path = "Preview Assets.xcassets"; sourceTree = "<group>"; };
		8455CF9D2D605B1A00139CAC /* BookSlotTests.xctest */ = {isa = PBXFileReference; explicitFileType = wrapper.cfbundle; includeInIndex = 0; path = BookSlotTests.xctest; sourceTree = BUILT_PRODUCTS_DIR; };
		8455CFA12D605B1A00139CAC /* BookSlotTests.swift */ = {isa = PBXFileReference; lastKnownFileType = sourcecode.swift; path = BookSlotTests.swift; sourceTree = "<group>"; };
		8455CFA72D605B1A00139CAC /* BookSlotUITests.xctest */ = {isa = PBXFileReference; explicitFileType = wrapper.cfbundle; includeInIndex = 0; path = BookSlotUITests.xctest; sourceTree = BUILT_PRODUCTS_DIR; };
		8455CFAB2D605B1A00139CAC /* BookSlotUITests.swift */ = {isa = PBXFileReference; lastKnownFileType = sourcecode.swift; path = BookSlotUITests.swift; sourceTree = "<group>"; };
		8455CFAD2D605B1A00139CAC /* BookSlotUITestsLaunchTests.swift */ = {isa = PBXFileReference; lastKnownFileType = sourcecode.swift; path = BookSlotUITestsLaunchTests.swift; sourceTree = "<group>"; };
		8455CFBA2D605C0000139CAC /* SwiftUIView.swift */ = {isa = PBXFileReference; lastKnownFileType = sourcecode.swift; path = SwiftUIView.swift; sourceTree = "<group>"; };
		8455CFBC2D605C4700139CAC /* PersistenceController.swift */ = {isa = PBXFileReference; lastKnownFileType = sourcecode.swift; path = PersistenceController.swift; sourceTree = "<group>"; };
		8455CFC22D60692D00139CAC /* Userdb.xcdatamodel */ = {isa = PBXFileReference; lastKnownFileType = wrapper.xcdatamodel; path = Userdb.xcdatamodel; sourceTree = "<group>"; };
		8455CFC42D606B8D00139CAC /* LoginView.swift */ = {isa = PBXFileReference; lastKnownFileType = sourcecode.swift; path = LoginView.swift; sourceTree = "<group>"; };
		8455CFC72D606CB800139CAC /* RegisterView.swift */ = {isa = PBXFileReference; lastKnownFileType = sourcecode.swift; path = RegisterView.swift; sourceTree = "<group>"; };
		8455CFC92D606D0100139CAC /* TechTrackDashboardView.swift */ = {isa = PBXFileReference; lastKnownFileType = sourcecode.swift; path = TechTrackDashboardView.swift; sourceTree = "<group>"; };
		8455CFCB2D606D9700139CAC /* SlotManagementDashboardView.swift */ = {isa = PBXFileReference; lastKnownFileType = sourcecode.swift; path = SlotManagementDashboardView.swift; sourceTree = "<group>"; };
		8455CFCD2D60B98900139CAC /* AddSlotView.swift */ = {isa = PBXFileReference; lastKnownFileType = sourcecode.swift; path = AddSlotView.swift; sourceTree = "<group>"; };
		8455CFCF2D60B9C600139CAC /* EditSlotView.swift */ = {isa = PBXFileReference; lastKnownFileType = sourcecode.swift; path = EditSlotView.swift; sourceTree = "<group>"; };
		8455CFD12D60B9DF00139CAC /* SlotListView.swift */ = {isa = PBXFileReference; lastKnownFileType = sourcecode.swift; path = SlotListView.swift; sourceTree = "<group>"; };
/* End PBXFileReference section */

/* Begin PBXFrameworksBuildPhase section */
		8455CF852D605B1800139CAC /* Frameworks */ = {
			isa = PBXFrameworksBuildPhase;
			buildActionMask = 2147483647;
			files = (
			);
			runOnlyForDeploymentPostprocessing = 0;
		};
		8455CF9A2D605B1A00139CAC /* Frameworks */ = {
			isa = PBXFrameworksBuildPhase;
			buildActionMask = 2147483647;
			files = (
			);
			runOnlyForDeploymentPostprocessing = 0;
		};
		8455CFA42D605B1A00139CAC /* Frameworks */ = {
			isa = PBXFrameworksBuildPhase;
			buildActionMask = 2147483647;
			files = (
			);
			runOnlyForDeploymentPostprocessing = 0;
		};
/* End PBXFrameworksBuildPhase section */

/* Begin PBXGroup section */
		8455CF7F2D605B1800139CAC = {
			isa = PBXGroup;
			children = (
				8455CF8A2D605B1800139CAC /* BookSlot */,
				8455CFA02D605B1A00139CAC /* BookSlotTests */,
				8455CFAA2D605B1A00139CAC /* BookSlotUITests */,
				8455CF892D605B1800139CAC /* Products */,
			);
			sourceTree = "<group>";
		};
		8455CF892D605B1800139CAC /* Products */ = {
			isa = PBXGroup;
			children = (
				8455CF882D605B1800139CAC /* BookSlot.app */,
				8455CF9D2D605B1A00139CAC /* BookSlotTests.xctest */,
				8455CFA72D605B1A00139CAC /* BookSlotUITests.xctest */,
			);
			name = Products;
			sourceTree = "<group>";
		};
		8455CF8A2D605B1800139CAC /* BookSlot */ = {
			isa = PBXGroup;
			children = (
				8455CF8B2D605B1800139CAC /* BookSlotApp.swift */,
				8455CF8D2D605B1800139CAC /* ContentView.swift */,
				8455CFBC2D605C4700139CAC /* PersistenceController.swift */,
				8455CF8F2D605B1A00139CAC /* Assets.xcassets */,
				8455CF912D605B1A00139CAC /* Preview Content */,
				8455CFBA2D605C0000139CAC /* SwiftUIView.swift */,
				8455CFC42D606B8D00139CAC /* LoginView.swift */,
				8455CFC72D606CB800139CAC /* RegisterView.swift */,
				8455CFC92D606D0100139CAC /* TechTrackDashboardView.swift */,
				8455CFCB2D606D9700139CAC /* SlotManagementDashboardView.swift */,
				8455CFC12D60692D00139CAC /* Userdb.xcdatamodeld */,
				8455CFCD2D60B98900139CAC /* AddSlotView.swift */,
				8455CFCF2D60B9C600139CAC /* EditSlotView.swift */,
				8455CFD12D60B9DF00139CAC /* SlotListView.swift */,
			);
			path = BookSlot;
			sourceTree = "<group>";
		};
		8455CF912D605B1A00139CAC /* Preview Content */ = {
			isa = PBXGroup;
			children = (
				8455CF922D605B1A00139CAC /* Preview Assets.xcassets */,
			);
			path = "Preview Content";
			sourceTree = "<group>";
		};
		8455CFA02D605B1A00139CAC /* BookSlotTests */ = {
			isa = PBXGroup;
			children = (
				8455CFA12D605B1A00139CAC /* BookSlotTests.swift */,
			);
			path = BookSlotTests;
			sourceTree = "<group>";
		};
		8455CFAA2D605B1A00139CAC /* BookSlotUITests */ = {
			isa = PBXGroup;
			children = (
				8455CFAB2D605B1A00139CAC /* BookSlotUITests.swift */,
				8455CFAD2D605B1A00139CAC /* BookSlotUITestsLaunchTests.swift */,
			);
			path = BookSlotUITests;
			sourceTree = "<group>";
		};
/* End PBXGroup section */

/* Begin PBXNativeTarget section */
		8455CF872D605B1800139CAC /* BookSlot */ = {
			isa = PBXNativeTarget;
			buildConfigurationList = 8455CFB12D605B1A00139CAC /* Build configuration list for PBXNativeTarget "BookSlot" */;
			buildPhases = (
				8455CF842D605B1800139CAC /* Sources */,
				8455CF852D605B1800139CAC /* Frameworks */,
				8455CF862D605B1800139CAC /* Resources */,
			);
			buildRules = (
			);
			dependencies = (
			);
			name = BookSlot;
			productName = BookSlot;
			productReference = 8455CF882D605B1800139CAC /* BookSlot.app */;
			productType = "com.apple.product-type.application";
		};
		8455CF9C2D605B1A00139CAC /* BookSlotTests */ = {
			isa = PBXNativeTarget;
			buildConfigurationList = 8455CFB42D605B1A00139CAC /* Build configuration list for PBXNativeTarget "BookSlotTests" */;
			buildPhases = (
				8455CF992D605B1A00139CAC /* Sources */,
				8455CF9A2D605B1A00139CAC /* Frameworks */,
				8455CF9B2D605B1A00139CAC /* Resources */,
			);
			buildRules = (
			);
			dependencies = (
				8455CF9F2D605B1A00139CAC /* PBXTargetDependency */,
			);
			name = BookSlotTests;
			productName = BookSlotTests;
			productReference = 8455CF9D2D605B1A00139CAC /* BookSlotTests.xctest */;
			productType = "com.apple.product-type.bundle.unit-test";
		};
		8455CFA62D605B1A00139CAC /* BookSlotUITests */ = {
			isa = PBXNativeTarget;
			buildConfigurationList = 8455CFB72D605B1A00139CAC /* Build configuration list for PBXNativeTarget "BookSlotUITests" */;
			buildPhases = (
				8455CFA32D605B1A00139CAC /* Sources */,
				8455CFA42D605B1A00139CAC /* Frameworks */,
				8455CFA52D605B1A00139CAC /* Resources */,
			);
			buildRules = (
			);
			dependencies = (
				8455CFA92D605B1A00139CAC /* PBXTargetDependency */,
			);
			name = BookSlotUITests;
			productName = BookSlotUITests;
			productReference = 8455CFA72D605B1A00139CAC /* BookSlotUITests.xctest */;
			productType = "com.apple.product-type.bundle.ui-testing";
		};
/* End PBXNativeTarget section */

/* Begin PBXProject section */
		8455CF802D605B1800139CAC /* Project object */ = {
			isa = PBXProject;
			attributes = {
				BuildIndependentTargetsInParallel = 1;
				LastSwiftUpdateCheck = 1400;
				LastUpgradeCheck = 1400;
				TargetAttributes = {
					8455CF872D605B1800139CAC = {
						CreatedOnToolsVersion = 14.0.1;
					};
					8455CF9C2D605B1A00139CAC = {
						CreatedOnToolsVersion = 14.0.1;
						TestTargetID = 8455CF872D605B1800139CAC;
					};
					8455CFA62D605B1A00139CAC = {
						CreatedOnToolsVersion = 14.0.1;
						TestTargetID = 8455CF872D605B1800139CAC;
					};
				};
			};
			buildConfigurationList = 8455CF832D605B1800139CAC /* Build configuration list for PBXProject "BookSlot" */;
			compatibilityVersion = "Xcode 14.0";
			developmentRegion = en;
			hasScannedForEncodings = 0;
			knownRegions = (
				en,
				Base,
			);
			mainGroup = 8455CF7F2D605B1800139CAC;
			productRefGroup = 8455CF892D605B1800139CAC /* Products */;
			projectDirPath = "";
			projectRoot = "";
			targets = (
				8455CF872D605B1800139CAC /* BookSlot */,
				8455CF9C2D605B1A00139CAC /* BookSlotTests */,
				8455CFA62D605B1A00139CAC /* BookSlotUITests */,
			);
		};
/* End PBXProject section */

/* Begin PBXResourcesBuildPhase section */
		8455CF862D605B1800139CAC /* Resources */ = {
			isa = PBXResourcesBuildPhase;
			buildActionMask = 2147483647;
			files = (
				8455CF932D605B1A00139CAC /* Preview Assets.xcassets in Resources */,
				8455CF902D605B1A00139CAC /* Assets.xcassets in Resources */,
			);
			runOnlyForDeploymentPostprocessing = 0;
		};
		8455CF9B2D605B1A00139CAC /* Resources */ = {
			isa = PBXResourcesBuildPhase;
			buildActionMask = 2147483647;
			files = (
			);
			runOnlyForDeploymentPostprocessing = 0;
		};
		8455CFA52D605B1A00139CAC /* Resources */ = {
			isa = PBXResourcesBuildPhase;
			buildActionMask = 2147483647;
			files = (
			);
			runOnlyForDeploymentPostprocessing = 0;
		};
/* End PBXResourcesBuildPhase section */

/* Begin PBXSourcesBuildPhase section */
		8455CF842D605B1800139CAC /* Sources */ = {
			isa = PBXSourcesBuildPhase;
			buildActionMask = 2147483647;
			files = (
				8455CFC52D606B8D00139CAC /* LoginView.swift in Sources */,
				8455CFD02D60B9C600139CAC /* EditSlotView.swift in Sources */,
				8455CFCC2D606D9700139CAC /* SlotManagementDashboardView.swift in Sources */,
				8455CF8E2D605B1800139CAC /* ContentView.swift in Sources */,
				8455CFBB2D605C0000139CAC /* SwiftUIView.swift in Sources */,
				8455CFCA2D606D0100139CAC /* TechTrackDashboardView.swift in Sources */,
				8455CFD22D60B9DF00139CAC /* SlotListView.swift in Sources */,
				8455CFC82D606CB800139CAC /* RegisterView.swift in Sources */,
				8455CFCE2D60B98900139CAC /* AddSlotView.swift in Sources */,
				8455CF8C2D605B1800139CAC /* BookSlotApp.swift in Sources */,
				8455CFBD2D605C4700139CAC /* PersistenceController.swift in Sources */,
				8455CFC32D60692D00139CAC /* Userdb.xcdatamodeld in Sources */,
			);
			runOnlyForDeploymentPostprocessing = 0;
		};
		8455CF992D605B1A00139CAC /* Sources */ = {
			isa = PBXSourcesBuildPhase;
			buildActionMask = 2147483647;
			files = (
				8455CFA22D605B1A00139CAC /* BookSlotTests.swift in Sources */,
			);
			runOnlyForDeploymentPostprocessing = 0;
		};
		8455CFA32D605B1A00139CAC /* Sources */ = {
			isa = PBXSourcesBuildPhase;
			buildActionMask = 2147483647;
			files = (
				8455CFAE2D605B1A00139CAC /* BookSlotUITestsLaunchTests.swift in Sources */,
				8455CFAC2D605B1A00139CAC /* BookSlotUITests.swift in Sources */,
			);
			runOnlyForDeploymentPostprocessing = 0;
		};
/* End PBXSourcesBuildPhase section */

/* Begin PBXTargetDependency section */
		8455CF9F2D605B1A00139CAC /* PBXTargetDependency */ = {
			isa = PBXTargetDependency;
			target = 8455CF872D605B1800139CAC /* BookSlot */;
			targetProxy = 8455CF9E2D605B1A00139CAC /* PBXContainerItemProxy */;
		};
		8455CFA92D605B1A00139CAC /* PBXTargetDependency */ = {
			isa = PBXTargetDependency;
			target = 8455CF872D605B1800139CAC /* BookSlot */;
			targetProxy = 8455CFA82D605B1A00139CAC /* PBXContainerItemProxy */;
		};
/* End PBXTargetDependency section */

/* Begin XCBuildConfiguration section */
		8455CFAF2D605B1A00139CAC /* Debug */ = {
			isa = XCBuildConfiguration;
			buildSettings = {
				ALWAYS_SEARCH_USER_PATHS = NO;
				CLANG_ANALYZER_NONNULL = YES;
				CLANG_ANALYZER_NUMBER_OBJECT_CONVERSION = YES_AGGRESSIVE;
				CLANG_CXX_LANGUAGE_STANDARD = "gnu++20";
				CLANG_ENABLE_MODULES = YES;
				CLANG_ENABLE_OBJC_ARC = YES;
				CLANG_ENABLE_OBJC_WEAK = YES;
				CLANG_WARN_BLOCK_CAPTURE_AUTORELEASING = YES;
				CLANG_WARN_BOOL_CONVERSION = YES;
				CLANG_WARN_COMMA = YES;
				CLANG_WARN_CONSTANT_CONVERSION = YES;
				CLANG_WARN_DEPRECATED_OBJC_IMPLEMENTATIONS = YES;
				CLANG_WARN_DIRECT_OBJC_ISA_USAGE = YES_ERROR;
				CLANG_WARN_DOCUMENTATION_COMMENTS = YES;
				CLANG_WARN_EMPTY_BODY = YES;
				CLANG_WARN_ENUM_CONVERSION = YES;
				CLANG_WARN_INFINITE_RECURSION = YES;
				CLANG_WARN_INT_CONVERSION = YES;
				CLANG_WARN_NON_LITERAL_NULL_CONVERSION = YES;
				CLANG_WARN_OBJC_IMPLICIT_RETAIN_SELF = YES;
				CLANG_WARN_OBJC_LITERAL_CONVERSION = YES;
				CLANG_WARN_OBJC_ROOT_CLASS = YES_ERROR;
				CLANG_WARN_QUOTED_INCLUDE_IN_FRAMEWORK_HEADER = YES;
				CLANG_WARN_RANGE_LOOP_ANALYSIS = YES;
				CLANG_WARN_STRICT_PROTOTYPES = YES;
				CLANG_WARN_SUSPICIOUS_MOVE = YES;
				CLANG_WARN_UNGUARDED_AVAILABILITY = YES_AGGRESSIVE;
				CLANG_WARN_UNREACHABLE_CODE = YES;
				CLANG_WARN__DUPLICATE_METHOD_MATCH = YES;
				COPY_PHASE_STRIP = NO;
				DEBUG_INFORMATION_FORMAT = dwarf;
				ENABLE_STRICT_OBJC_MSGSEND = YES;
				ENABLE_TESTABILITY = YES;
				GCC_C_LANGUAGE_STANDARD = gnu11;
				GCC_DYNAMIC_NO_PIC = NO;
				GCC_NO_COMMON_BLOCKS = YES;
				GCC_OPTIMIZATION_LEVEL = 0;
				GCC_PREPROCESSOR_DEFINITIONS = (
					"DEBUG=1",
					"$(inherited)",
				);
				GCC_WARN_64_TO_32_BIT_CONVERSION = YES;
				GCC_WARN_ABOUT_RETURN_TYPE = YES_ERROR;
				GCC_WARN_UNDECLARED_SELECTOR = YES;
				GCC_WARN_UNINITIALIZED_AUTOS = YES_AGGRESSIVE;
				GCC_WARN_UNUSED_FUNCTION = YES;
				GCC_WARN_UNUSED_VARIABLE = YES;
				IPHONEOS_DEPLOYMENT_TARGET = 16.0;
				MTL_ENABLE_DEBUG_INFO = INCLUDE_SOURCE;
				MTL_FAST_MATH = YES;
				ONLY_ACTIVE_ARCH = YES;
				SDKROOT = iphoneos;
				SWIFT_ACTIVE_COMPILATION_CONDITIONS = DEBUG;
				SWIFT_OPTIMIZATION_LEVEL = "-Onone";
			};
			name = Debug;
		};
		8455CFB02D605B1A00139CAC /* Release */ = {
			isa = XCBuildConfiguration;
			buildSettings = {
				ALWAYS_SEARCH_USER_PATHS = NO;
				CLANG_ANALYZER_NONNULL = YES;
				CLANG_ANALYZER_NUMBER_OBJECT_CONVERSION = YES_AGGRESSIVE;
				CLANG_CXX_LANGUAGE_STANDARD = "gnu++20";
				CLANG_ENABLE_MODULES = YES;
				CLANG_ENABLE_OBJC_ARC = YES;
				CLANG_ENABLE_OBJC_WEAK = YES;
				CLANG_WARN_BLOCK_CAPTURE_AUTORELEASING = YES;
				CLANG_WARN_BOOL_CONVERSION = YES;
				CLANG_WARN_COMMA = YES;
				CLANG_WARN_CONSTANT_CONVERSION = YES;
				CLANG_WARN_DEPRECATED_OBJC_IMPLEMENTATIONS = YES;
				CLANG_WARN_DIRECT_OBJC_ISA_USAGE = YES_ERROR;
				CLANG_WARN_DOCUMENTATION_COMMENTS = YES;
				CLANG_WARN_EMPTY_BODY = YES;
				CLANG_WARN_ENUM_CONVERSION = YES;
				CLANG_WARN_INFINITE_RECURSION = YES;
				CLANG_WARN_INT_CONVERSION = YES;
				CLANG_WARN_NON_LITERAL_NULL_CONVERSION = YES;
				CLANG_WARN_OBJC_IMPLICIT_RETAIN_SELF = YES;
				CLANG_WARN_OBJC_LITERAL_CONVERSION = YES;
				CLANG_WARN_OBJC_ROOT_CLASS = YES_ERROR;
				CLANG_WARN_QUOTED_INCLUDE_IN_FRAMEWORK_HEADER = YES;
				CLANG_WARN_RANGE_LOOP_ANALYSIS = YES;
				CLANG_WARN_STRICT_PROTOTYPES = YES;
				CLANG_WARN_SUSPICIOUS_MOVE = YES;
				CLANG_WARN_UNGUARDED_AVAILABILITY = YES_AGGRESSIVE;
				CLANG_WARN_UNREACHABLE_CODE = YES;
				CLANG_WARN__DUPLICATE_METHOD_MATCH = YES;
				COPY_PHASE_STRIP = NO;
				DEBUG_INFORMATION_FORMAT = "dwarf-with-dsym";
				ENABLE_NS_ASSERTIONS = NO;
				ENABLE_STRICT_OBJC_MSGSEND = YES;
				GCC_C_LANGUAGE_STANDARD = gnu11;
				GCC_NO_COMMON_BLOCKS = YES;
				GCC_WARN_64_TO_32_BIT_CONVERSION = YES;
				GCC_WARN_ABOUT_RETURN_TYPE = YES_ERROR;
				GCC_WARN_UNDECLARED_SELECTOR = YES;
				GCC_WARN_UNINITIALIZED_AUTOS = YES_AGGRESSIVE;
				GCC_WARN_UNUSED_FUNCTION = YES;
				GCC_WARN_UNUSED_VARIABLE = YES;
				IPHONEOS_DEPLOYMENT_TARGET = 16.0;
				MTL_ENABLE_DEBUG_INFO = NO;
				MTL_FAST_MATH = YES;
				SDKROOT = iphoneos;
				SWIFT_COMPILATION_MODE = wholemodule;
				SWIFT_OPTIMIZATION_LEVEL = "-O";
				VALIDATE_PRODUCT = YES;
			};
			name = Release;
		};
		8455CFB22D605B1A00139CAC /* Debug */ = {
			isa = XCBuildConfiguration;
			buildSettings = {
				ASSETCATALOG_COMPILER_APPICON_NAME = AppIcon;
				ASSETCATALOG_COMPILER_GLOBAL_ACCENT_COLOR_NAME = AccentColor;
				CODE_SIGN_STYLE = Automatic;
				CURRENT_PROJECT_VERSION = 1;
				DEVELOPMENT_ASSET_PATHS = "\"BookSlot/Preview Content\"";
				ENABLE_PREVIEWS = YES;
				GENERATE_INFOPLIST_FILE = YES;
				INFOPLIST_KEY_UIApplicationSceneManifest_Generation = YES;
				INFOPLIST_KEY_UIApplicationSupportsIndirectInputEvents = YES;
				INFOPLIST_KEY_UILaunchScreen_Generation = YES;
				INFOPLIST_KEY_UISupportedInterfaceOrientations_iPad = "UIInterfaceOrientationPortrait UIInterfaceOrientationPortraitUpsideDown UIInterfaceOrientationLandscapeLeft UIInterfaceOrientationLandscapeRight";
				INFOPLIST_KEY_UISupportedInterfaceOrientations_iPhone = "UIInterfaceOrientationPortrait UIInterfaceOrientationLandscapeLeft UIInterfaceOrientationLandscapeRight";
				LD_RUNPATH_SEARCH_PATHS = (
					"$(inherited)",
					"@executable_path/Frameworks",
				);
				MARKETING_VERSION = 1.0;
				PRODUCT_BUNDLE_IDENTIFIER = com.example.sampleapp.BookSlot;
				PRODUCT_NAME = "$(TARGET_NAME)";
				SWIFT_EMIT_LOC_STRINGS = YES;
				SWIFT_VERSION = 5.0;
				TARGETED_DEVICE_FAMILY = "1,2";
			};
			name = Debug;
		};
		8455CFB32D605B1A00139CAC /* Release */ = {
			isa = XCBuildConfiguration;
			buildSettings = {
				ASSETCATALOG_COMPILER_APPICON_NAME = AppIcon;
				ASSETCATALOG_COMPILER_GLOBAL_ACCENT_COLOR_NAME = AccentColor;
				CODE_SIGN_STYLE = Automatic;
				CURRENT_PROJECT_VERSION = 1;
				DEVELOPMENT_ASSET_PATHS = "\"BookSlot/Preview Content\"";
				ENABLE_PREVIEWS = YES;
				GENERATE_INFOPLIST_FILE = YES;
				INFOPLIST_KEY_UIApplicationSceneManifest_Generation = YES;
				INFOPLIST_KEY_UIApplicationSupportsIndirectInputEvents = YES;
				INFOPLIST_KEY_UILaunchScreen_Generation = YES;
				INFOPLIST_KEY_UISupportedInterfaceOrientations_iPad = "UIInterfaceOrientationPortrait UIInterfaceOrientationPortraitUpsideDown UIInterfaceOrientationLandscapeLeft UIInterfaceOrientationLandscapeRight";
				INFOPLIST_KEY_UISupportedInterfaceOrientations_iPhone = "UIInterfaceOrientationPortrait UIInterfaceOrientationLandscapeLeft UIInterfaceOrientationLandscapeRight";
				LD_RUNPATH_SEARCH_PATHS = (
					"$(inherited)",
					"@executable_path/Frameworks",
				);
				MARKETING_VERSION = 1.0;
				PRODUCT_BUNDLE_IDENTIFIER = com.example.sampleapp.BookSlot;
				PRODUCT_NAME = "$(TARGET_NAME)";
				SWIFT_EMIT_LOC_STRINGS = YES;
				SWIFT_VERSION = 5.0;
				TARGETED_DEVICE_FAMILY = "1,2";
			};
			name = Release;
		};
		8455CFB52D605B1A00139CAC /* Debug */ = {
			isa = XCBuildConfiguration;
			buildSettings = {
				ALWAYS_EMBED_SWIFT_STANDARD_LIBRARIES = YES;
				BUNDLE_LOADER = "$(TEST_HOST)";
				CODE_SIGN_STYLE = Automatic;
				CURRENT_PROJECT_VERSION = 1;
				GENERATE_INFOPLIST_FILE = YES;
				IPHONEOS_DEPLOYMENT_TARGET = 16.0;
				MARKETING_VERSION = 1.0;
				PRODUCT_BUNDLE_IDENTIFIER = com.example.sampleapp.BookSlotTests;
				PRODUCT_NAME = "$(TARGET_NAME)";
				SWIFT_EMIT_LOC_STRINGS = NO;
				SWIFT_VERSION = 5.0;
				TARGETED_DEVICE_FAMILY = "1,2";
				TEST_HOST = "$(BUILT_PRODUCTS_DIR)/BookSlot.app/$(BUNDLE_EXECUTABLE_FOLDER_PATH)/BookSlot";
			};
			name = Debug;
		};
		8455CFB62D605B1A00139CAC /* Release */ = {
			isa = XCBuildConfiguration;
			buildSettings = {
				ALWAYS_EMBED_SWIFT_STANDARD_LIBRARIES = YES;
				BUNDLE_LOADER = "$(TEST_HOST)";
				CODE_SIGN_STYLE = Automatic;
				CURRENT_PROJECT_VERSION = 1;
				GENERATE_INFOPLIST_FILE = YES;
				IPHONEOS_DEPLOYMENT_TARGET = 16.0;
				MARKETING_VERSION = 1.0;
				PRODUCT_BUNDLE_IDENTIFIER = com.example.sampleapp.BookSlotTests;
				PRODUCT_NAME = "$(TARGET_NAME)";
				SWIFT_EMIT_LOC_STRINGS = NO;
				SWIFT_VERSION = 5.0;
				TARGETED_DEVICE_FAMILY = "1,2";
				TEST_HOST = "$(BUILT_PRODUCTS_DIR)/BookSlot.app/$(BUNDLE_EXECUTABLE_FOLDER_PATH)/BookSlot";
			};
			name = Release;
		};
		8455CFB82D605B1A00139CAC /* Debug */ = {
			isa = XCBuildConfiguration;
			buildSettings = {
				ALWAYS_EMBED_SWIFT_STANDARD_LIBRARIES = YES;
				CODE_SIGN_STYLE = Automatic;
				CURRENT_PROJECT_VERSION = 1;
				GENERATE_INFOPLIST_FILE = YES;
				MARKETING_VERSION = 1.0;
				PRODUCT_BUNDLE_IDENTIFIER = com.example.sampleapp.BookSlotUITests;
				PRODUCT_NAME = "$(TARGET_NAME)";
				SWIFT_EMIT_LOC_STRINGS = NO;
				SWIFT_VERSION = 5.0;
				TARGETED_DEVICE_FAMILY = "1,2";
				TEST_TARGET_NAME = BookSlot;
			};
			name = Debug;
		};
		8455CFB92D605B1A00139CAC /* Release */ = {
			isa = XCBuildConfiguration;
			buildSettings = {
				ALWAYS_EMBED_SWIFT_STANDARD_LIBRARIES = YES;
				CODE_SIGN_STYLE = Automatic;
				CURRENT_PROJECT_VERSION = 1;
				GENERATE_INFOPLIST_FILE = YES;
				MARKETING_VERSION = 1.0;
				PRODUCT_BUNDLE_IDENTIFIER = com.example.sampleapp.BookSlotUITests;
				PRODUCT_NAME = "$(TARGET_NAME)";
				SWIFT_EMIT_LOC_STRINGS = NO;
				SWIFT_VERSION = 5.0;
				TARGETED_DEVICE_FAMILY = "1,2";
				TEST_TARGET_NAME = BookSlot;
			};
			name = Release;
		};
/* End XCBuildConfiguration section */

/* Begin XCConfigurationList section */
		8455CF832D605B1800139CAC /* Build configuration list for PBXProject "BookSlot" */ = {
			isa = XCConfigurationList;
			buildConfigurations = (
				8455CFAF2D605B1A00139CAC /* Debug */,
				8455CFB02D605B1A00139CAC /* Release */,
			);
			defaultConfigurationIsVisible = 0;
			defaultConfigurationName = Release;
		};
		8455CFB12D605B1A00139CAC /* Build configuration list for PBXNativeTarget "BookSlot" */ = {
			isa = XCConfigurationList;
			buildConfigurations = (
				8455CFB22D605B1A00139CAC /* Debug */,
				8455CFB32D605B1A00139CAC /* Release */,
			);
			defaultConfigurationIsVisible = 0;
			defaultConfigurationName = Release;
		};
		8455CFB42D605B1A00139CAC /* Build configuration list for PBXNativeTarget "BookSlotTests" */ = {
			isa = XCConfigurationList;
			buildConfigurations = (
				8455CFB52D605B1A00139CAC /* Debug */,
				8455CFB62D605B1A00139CAC /* Release */,
			);
			defaultConfigurationIsVisible = 0;
			defaultConfigurationName = Release;
		};
		8455CFB72D605B1A00139CAC /* Build configuration list for PBXNativeTarget "BookSlotUITests" */ = {
			isa = XCConfigurationList;
			buildConfigurations = (
				8455CFB82D605B1A00139CAC /* Debug */,
				8455CFB92D605B1A00139CAC /* Release */,
			);
			defaultConfigurationIsVisible = 0;
			defaultConfigurationName = Release;
		};
/* End XCConfigurationList section */

/* Begin XCVersionGroup section */
		8455CFC12D60692D00139CAC /* Userdb.xcdatamodeld */ = {
			isa = XCVersionGroup;
			children = (
				8455CFC22D60692D00139CAC /* Userdb.xcdatamodel */,
			);
			currentVersion = 8455CFC22D60692D00139CAC /* Userdb.xcdatamodel */;
			path = Userdb.xcdatamodeld;
			sourceTree = "<group>";
			versionGroupType = wrapper.xcdatamodel;
		};
/* End XCVersionGroup section */
	};
	rootObject = 8455CF802D605B1800139CAC /* Project object */;
}
